
Microsoft Visual Studio Solution File, Format Version 12.00
# Visual Studio Version 17
VisualStudioVersion = 17.0.31903.59
MinimumVisualStudioVersion = 10.0.40219.1
Project("{2150E333-8FDC-42A3-9474-1A3956D46DE8}") = "src", "src", "{4F2229D8-019B-4AE4-B384-B2558F3E4707}"
EndProject
Project("{9A19103F-16F7-4668-BE54-9A1E7A4F7556}") = "AuctionService", "src\AuctionService\AuctionService.csproj", "{C2F9D5BA-8131-431B-80BF-B375119F0F81}"
EndProject
Project("{2150E333-8FDC-42A3-9474-1A3956D46DE8}") = "Solution Items", "Solution Items", "{A58933C6-5AEC-4F70-910B-93499ADF9D14}"
	ProjectSection(SolutionItems) = preProject
		docker-compose.yml = docker-compose.yml
	EndProjectSection
EndProject
Project("{FAE04EC0-301F-11D3-BF4B-00C04F79EFBC}") = "SearchService", "src\SearchService\SearchService.csproj", "{4B784A35-CB27-4FB9-AB2A-6D5674C335E9}"
EndProject
Project("{FAE04EC0-301F-11D3-BF4B-00C04F79EFBC}") = "Contracts", "src\Contracts\Contracts.csproj", "{05507418-F0AA-42D7-BA91-F3520620AD6E}"
EndProject
Project("{FAE04EC0-301F-11D3-BF4B-00C04F79EFBC}") = "IdentityService", "src\IdentityService\IdentityService.csproj", "{7B423E19-4EAE-4BD4-AC17-E9EB043A979D}"
EndProject
Project("{FAE04EC0-301F-11D3-BF4B-00C04F79EFBC}") = "GatewayService", "src\GatewayService\GatewayService.csproj", "{D309BF0D-0B3B-4692-B130-08C1DB84643D}"
EndProject
Project("{FAE04EC0-301F-11D3-BF4B-00C04F79EFBC}") = "BiddingService", "src\BiddingService\BiddingService.csproj", "{8C7477AF-481E-444B-8962-5875C16D030B}"
EndProject
Project("{FAE04EC0-301F-11D3-BF4B-00C04F79EFBC}") = "NotificationService", "src\NotificationService\NotificationService.csproj", "{022F6D51-4330-423B-9FD7-2DEECC90C13C}"
EndProject
Project("{2150E333-8FDC-42A3-9474-1A3956D46DE8}") = "tests", "tests", "{0AB3BF05-4346-4AA6-1389-037BE0695223}"
EndProject
Project("{FAE04EC0-301F-11D3-BF4B-00C04F79EFBC}") = "AuctionService.UnitTests", "tests\AuctionService.UnitTests\AuctionService.UnitTests.csproj", "{EAFF763B-3220-423C-8D32-5D0170DF5F1F}"
EndProject
Project("{FAE04EC0-301F-11D3-BF4B-00C04F79EFBC}") = "AuctionService.IntegrationTests", "tests\AuctionService.IntegrationTests\AuctionService.IntegrationTests.csproj", "{F2C534EB-71D4-47C3-8397-D618066EDA28}"
EndProject
Global
	GlobalSection(SolutionConfigurationPlatforms) = preSolution
		Debug|Any CPU = Debug|Any CPU
		Debug|x64 = Debug|x64
		Debug|x86 = Debug|x86
		Release|Any CPU = Release|Any CPU
		Release|x64 = Release|x64
		Release|x86 = Release|x86
	EndGlobalSection
	GlobalSection(ProjectConfigurationPlatforms) = postSolution
		{C2F9D5BA-8131-431B-80BF-B375119F0F81}.Debug|Any CPU.ActiveCfg = Debug|Any CPU
		{C2F9D5BA-8131-431B-80BF-B375119F0F81}.Debug|Any CPU.Build.0 = Debug|Any CPU
		{C2F9D5BA-8131-431B-80BF-B375119F0F81}.Debug|x64.ActiveCfg = Debug|Any CPU
		{C2F9D5BA-8131-431B-80BF-B375119F0F81}.Debug|x64.Build.0 = Debug|Any CPU
		{C2F9D5BA-8131-431B-80BF-B375119F0F81}.Debug|x86.ActiveCfg = Debug|Any CPU
		{C2F9D5BA-8131-431B-80BF-B375119F0F81}.Debug|x86.Build.0 = Debug|Any CPU
		{C2F9D5BA-8131-431B-80BF-B375119F0F81}.Release|Any CPU.ActiveCfg = Release|Any CPU
		{C2F9D5BA-8131-431B-80BF-B375119F0F81}.Release|Any CPU.Build.0 = Release|Any CPU
		{C2F9D5BA-8131-431B-80BF-B375119F0F81}.Release|x64.ActiveCfg = Release|Any CPU
		{C2F9D5BA-8131-431B-80BF-B375119F0F81}.Release|x64.Build.0 = Release|Any CPU
		{C2F9D5BA-8131-431B-80BF-B375119F0F81}.Release|x86.ActiveCfg = Release|Any CPU
		{C2F9D5BA-8131-431B-80BF-B375119F0F81}.Release|x86.Build.0 = Release|Any CPU
		{4B784A35-CB27-4FB9-AB2A-6D5674C335E9}.Debug|Any CPU.ActiveCfg = Debug|Any CPU
		{4B784A35-CB27-4FB9-AB2A-6D5674C335E9}.Debug|Any CPU.Build.0 = Debug|Any CPU
		{4B784A35-CB27-4FB9-AB2A-6D5674C335E9}.Debug|x64.ActiveCfg = Debug|Any CPU
		{4B784A35-CB27-4FB9-AB2A-6D5674C335E9}.Debug|x64.Build.0 = Debug|Any CPU
		{4B784A35-CB27-4FB9-AB2A-6D5674C335E9}.Debug|x86.ActiveCfg = Debug|Any CPU
		{4B784A35-CB27-4FB9-AB2A-6D5674C335E9}.Debug|x86.Build.0 = Debug|Any CPU
		{4B784A35-CB27-4FB9-AB2A-6D5674C335E9}.Release|Any CPU.ActiveCfg = Release|Any CPU
		{4B784A35-CB27-4FB9-AB2A-6D5674C335E9}.Release|Any CPU.Build.0 = Release|Any CPU
		{4B784A35-CB27-4FB9-AB2A-6D5674C335E9}.Release|x64.ActiveCfg = Release|Any CPU
		{4B784A35-CB27-4FB9-AB2A-6D5674C335E9}.Release|x64.Build.0 = Release|Any CPU
		{4B784A35-CB27-4FB9-AB2A-6D5674C335E9}.Release|x86.ActiveCfg = Release|Any CPU
		{4B784A35-CB27-4FB9-AB2A-6D5674C335E9}.Release|x86.Build.0 = Release|Any CPU
		{05507418-F0AA-42D7-BA91-F3520620AD6E}.Debug|Any CPU.ActiveCfg = Debug|Any CPU
		{05507418-F0AA-42D7-BA91-F3520620AD6E}.Debug|Any CPU.Build.0 = Debug|Any CPU
		{05507418-F0AA-42D7-BA91-F3520620AD6E}.Debug|x64.ActiveCfg = Debug|Any CPU
		{05507418-F0AA-42D7-BA91-F3520620AD6E}.Debug|x64.Build.0 = Debug|Any CPU
		{05507418-F0AA-42D7-BA91-F3520620AD6E}.Debug|x86.ActiveCfg = Debug|Any CPU
		{05507418-F0AA-42D7-BA91-F3520620AD6E}.Debug|x86.Build.0 = Debug|Any CPU
		{05507418-F0AA-42D7-BA91-F3520620AD6E}.Release|Any CPU.ActiveCfg = Release|Any CPU
		{05507418-F0AA-42D7-BA91-F3520620AD6E}.Release|Any CPU.Build.0 = Release|Any CPU
		{05507418-F0AA-42D7-BA91-F3520620AD6E}.Release|x64.ActiveCfg = Release|Any CPU
		{05507418-F0AA-42D7-BA91-F3520620AD6E}.Release|x64.Build.0 = Release|Any CPU
		{05507418-F0AA-42D7-BA91-F3520620AD6E}.Release|x86.ActiveCfg = Release|Any CPU
		{05507418-F0AA-42D7-BA91-F3520620AD6E}.Release|x86.Build.0 = Release|Any CPU
		{7B423E19-4EAE-4BD4-AC17-E9EB043A979D}.Debug|Any CPU.ActiveCfg = Debug|Any CPU
		{7B423E19-4EAE-4BD4-AC17-E9EB043A979D}.Debug|Any CPU.Build.0 = Debug|Any CPU
		{7B423E19-4EAE-4BD4-AC17-E9EB043A979D}.Debug|x64.ActiveCfg = Debug|Any CPU
		{7B423E19-4EAE-4BD4-AC17-E9EB043A979D}.Debug|x64.Build.0 = Debug|Any CPU
		{7B423E19-4EAE-4BD4-AC17-E9EB043A979D}.Debug|x86.ActiveCfg = Debug|Any CPU
		{7B423E19-4EAE-4BD4-AC17-E9EB043A979D}.Debug|x86.Build.0 = Debug|Any CPU
		{7B423E19-4EAE-4BD4-AC17-E9EB043A979D}.Release|Any CPU.ActiveCfg = Release|Any CPU
		{7B423E19-4EAE-4BD4-AC17-E9EB043A979D}.Release|Any CPU.Build.0 = Release|Any CPU
		{7B423E19-4EAE-4BD4-AC17-E9EB043A979D}.Release|x64.ActiveCfg = Release|Any CPU
		{7B423E19-4EAE-4BD4-AC17-E9EB043A979D}.Release|x64.Build.0 = Release|Any CPU
		{7B423E19-4EAE-4BD4-AC17-E9EB043A979D}.Release|x86.ActiveCfg = Release|Any CPU
		{7B423E19-4EAE-4BD4-AC17-E9EB043A979D}.Release|x86.Build.0 = Release|Any CPU
		{D309BF0D-0B3B-4692-B130-08C1DB84643D}.Debug|Any CPU.ActiveCfg = Debug|Any CPU
		{D309BF0D-0B3B-4692-B130-08C1DB84643D}.Debug|Any CPU.Build.0 = Debug|Any CPU
		{D309BF0D-0B3B-4692-B130-08C1DB84643D}.Debug|x64.ActiveCfg = Debug|Any CPU
		{D309BF0D-0B3B-4692-B130-08C1DB84643D}.Debug|x64.Build.0 = Debug|Any CPU
		{D309BF0D-0B3B-4692-B130-08C1DB84643D}.Debug|x86.ActiveCfg = Debug|Any CPU
		{D309BF0D-0B3B-4692-B130-08C1DB84643D}.Debug|x86.Build.0 = Debug|Any CPU
		{D309BF0D-0B3B-4692-B130-08C1DB84643D}.Release|Any CPU.ActiveCfg = Release|Any CPU
		{D309BF0D-0B3B-4692-B130-08C1DB84643D}.Release|Any CPU.Build.0 = Release|Any CPU
		{D309BF0D-0B3B-4692-B130-08C1DB84643D}.Release|x64.ActiveCfg = Release|Any CPU
		{D309BF0D-0B3B-4692-B130-08C1DB84643D}.Release|x64.Build.0 = Release|Any CPU
		{D309BF0D-0B3B-4692-B130-08C1DB84643D}.Release|x86.ActiveCfg = Release|Any CPU
		{D309BF0D-0B3B-4692-B130-08C1DB84643D}.Release|x86.Build.0 = Release|Any CPU
		{8C7477AF-481E-444B-8962-5875C16D030B}.Debug|Any CPU.ActiveCfg = Debug|Any CPU
		{8C7477AF-481E-444B-8962-5875C16D030B}.Debug|Any CPU.Build.0 = Debug|Any CPU
		{8C7477AF-481E-444B-8962-5875C16D030B}.Debug|x64.ActiveCfg = Debug|Any CPU
		{8C7477AF-481E-444B-8962-5875C16D030B}.Debug|x64.Build.0 = Debug|Any CPU
		{8C7477AF-481E-444B-8962-5875C16D030B}.Debug|x86.ActiveCfg = Debug|Any CPU
		{8C7477AF-481E-444B-8962-5875C16D030B}.Debug|x86.Build.0 = Debug|Any CPU
		{8C7477AF-481E-444B-8962-5875C16D030B}.Release|Any CPU.ActiveCfg = Release|Any CPU
		{8C7477AF-481E-444B-8962-5875C16D030B}.Release|Any CPU.Build.0 = Release|Any CPU
		{8C7477AF-481E-444B-8962-5875C16D030B}.Release|x64.ActiveCfg = Release|Any CPU
		{8C7477AF-481E-444B-8962-5875C16D030B}.Release|x64.Build.0 = Release|Any CPU
		{8C7477AF-481E-444B-8962-5875C16D030B}.Release|x86.ActiveCfg = Release|Any CPU
		{8C7477AF-481E-444B-8962-5875C16D030B}.Release|x86.Build.0 = Release|Any CPU
		{022F6D51-4330-423B-9FD7-2DEECC90C13C}.Debug|Any CPU.ActiveCfg = Debug|Any CPU
		{022F6D51-4330-423B-9FD7-2DEECC90C13C}.Debug|Any CPU.Build.0 = Debug|Any CPU
		{022F6D51-4330-423B-9FD7-2DEECC90C13C}.Debug|x64.ActiveCfg = Debug|Any CPU
		{022F6D51-4330-423B-9FD7-2DEECC90C13C}.Debug|x64.Build.0 = Debug|Any CPU
		{022F6D51-4330-423B-9FD7-2DEECC90C13C}.Debug|x86.ActiveCfg = Debug|Any CPU
		{022F6D51-4330-423B-9FD7-2DEECC90C13C}.Debug|x86.Build.0 = Debug|Any CPU
		{022F6D51-4330-423B-9FD7-2DEECC90C13C}.Release|Any CPU.ActiveCfg = Release|Any CPU
		{022F6D51-4330-423B-9FD7-2DEECC90C13C}.Release|Any CPU.Build.0 = Release|Any CPU
		{022F6D51-4330-423B-9FD7-2DEECC90C13C}.Release|x64.ActiveCfg = Release|Any CPU
		{022F6D51-4330-423B-9FD7-2DEECC90C13C}.Release|x64.Build.0 = Release|Any CPU
		{022F6D51-4330-423B-9FD7-2DEECC90C13C}.Release|x86.ActiveCfg = Release|Any CPU
		{022F6D51-4330-423B-9FD7-2DEECC90C13C}.Release|x86.Build.0 = Release|Any CPU
		{EAFF763B-3220-423C-8D32-5D0170DF5F1F}.Debug|Any CPU.ActiveCfg = Debug|Any CPU
		{EAFF763B-3220-423C-8D32-5D0170DF5F1F}.Debug|Any CPU.Build.0 = Debug|Any CPU
		{EAFF763B-3220-423C-8D32-5D0170DF5F1F}.Debug|x64.ActiveCfg = Debug|Any CPU
		{EAFF763B-3220-423C-8D32-5D0170DF5F1F}.Debug|x64.Build.0 = Debug|Any CPU
		{EAFF763B-3220-423C-8D32-5D0170DF5F1F}.Debug|x86.ActiveCfg = Debug|Any CPU
		{EAFF763B-3220-423C-8D32-5D0170DF5F1F}.Debug|x86.Build.0 = Debug|Any CPU
		{EAFF763B-3220-423C-8D32-5D0170DF5F1F}.Release|Any CPU.ActiveCfg = Release|Any CPU
		{EAFF763B-3220-423C-8D32-5D0170DF5F1F}.Release|Any CPU.Build.0 = Release|Any CPU
		{EAFF763B-3220-423C-8D32-5D0170DF5F1F}.Release|x64.ActiveCfg = Release|Any CPU
		{EAFF763B-3220-423C-8D32-5D0170DF5F1F}.Release|x64.Build.0 = Release|Any CPU
		{EAFF763B-3220-423C-8D32-5D0170DF5F1F}.Release|x86.ActiveCfg = Release|Any CPU
		{EAFF763B-3220-423C-8D32-5D0170DF5F1F}.Release|x86.Build.0 = Release|Any CPU
		{F2C534EB-71D4-47C3-8397-D618066EDA28}.Debug|Any CPU.ActiveCfg = Debug|Any CPU
		{F2C534EB-71D4-47C3-8397-D618066EDA28}.Debug|Any CPU.Build.0 = Debug|Any CPU
		{F2C534EB-71D4-47C3-8397-D618066EDA28}.Debug|x64.ActiveCfg = Debug|Any CPU
		{F2C534EB-71D4-47C3-8397-D618066EDA28}.Debug|x64.Build.0 = Debug|Any CPU
		{F2C534EB-71D4-47C3-8397-D618066EDA28}.Debug|x86.ActiveCfg = Debug|Any CPU
		{F2C534EB-71D4-47C3-8397-D618066EDA28}.Debug|x86.Build.0 = Debug|Any CPU
		{F2C534EB-71D4-47C3-8397-D618066EDA28}.Release|Any CPU.ActiveCfg = Release|Any CPU
		{F2C534EB-71D4-47C3-8397-D618066EDA28}.Release|Any CPU.Build.0 = Release|Any CPU
		{F2C534EB-71D4-47C3-8397-D618066EDA28}.Release|x64.ActiveCfg = Release|Any CPU
		{F2C534EB-71D4-47C3-8397-D618066EDA28}.Release|x64.Build.0 = Release|Any CPU
		{F2C534EB-71D4-47C3-8397-D618066EDA28}.Release|x86.ActiveCfg = Release|Any CPU
		{F2C534EB-71D4-47C3-8397-D618066EDA28}.Release|x86.Build.0 = Release|Any CPU
	EndGlobalSection
	GlobalSection(SolutionProperties) = preSolution
		HideSolutionNode = FALSE
	EndGlobalSection
	GlobalSection(NestedProjects) = preSolution
		{C2F9D5BA-8131-431B-80BF-B375119F0F81} = {4F2229D8-019B-4AE4-B384-B2558F3E4707}
		{4B784A35-CB27-4FB9-AB2A-6D5674C335E9} = {4F2229D8-019B-4AE4-B384-B2558F3E4707}
		{05507418-F0AA-42D7-BA91-F3520620AD6E} = {4F2229D8-019B-4AE4-B384-B2558F3E4707}
		{7B423E19-4EAE-4BD4-AC17-E9EB043A979D} = {4F2229D8-019B-4AE4-B384-B2558F3E4707}
		{D309BF0D-0B3B-4692-B130-08C1DB84643D} = {4F2229D8-019B-4AE4-B384-B2558F3E4707}
		{8C7477AF-481E-444B-8962-5875C16D030B} = {4F2229D8-019B-4AE4-B384-B2558F3E4707}
		{022F6D51-4330-423B-9FD7-2DEECC90C13C} = {4F2229D8-019B-4AE4-B384-B2558F3E4707}
		{EAFF763B-3220-423C-8D32-5D0170DF5F1F} = {0AB3BF05-4346-4AA6-1389-037BE0695223}
		{F2C534EB-71D4-47C3-8397-D618066EDA28} = {0AB3BF05-4346-4AA6-1389-037BE0695223}
	EndGlobalSection
	GlobalSection(ExtensibilityGlobals) = postSolution
		SolutionGuid = {22BD447F-A94F-4D67-9B0A-8E64A4774F27}
	EndGlobalSection
EndGlobal
